// !$*UTF8*$!
{
	archiveVersion = 1;
	classes = {
	};
	objectVersion = 56;
	objects = {

/* Begin PBXBuildFile section */
		9632AB382DB20CE3007CBB30 /* SuperHeroApp.swift in Sources */ = {isa = PBXBuildFile; fileRef = 9632AB372DB20CE3007CBB30 /* SuperHeroApp.swift */; };
		9632AB3A2DB20CE3007CBB30 /* ContentView.swift in Sources */ = {isa = PBXBuildFile; fileRef = 9632AB392DB20CE3007CBB30 /* ContentView.swift */; };
		9632AB3C2DB20CE5007CBB30 /* Assets.xcassets in Resources */ = {isa = PBXBuildFile; fileRef = 9632AB3B2DB20CE5007CBB30 /* Assets.xcassets */; };
		9632AB3F2DB20CE5007CBB30 /* Preview Assets.xcassets in Resources */ = {isa = PBXBuildFile; fileRef = 9632AB3E2DB20CE5007CBB30 /* Preview Assets.xcassets */; };
		9632AB462DB20D15007CBB30 /* Router.swift in Sources */ = {isa = PBXBuildFile; fileRef = 9632AB452DB20D15007CBB30 /* Router.swift */; };
		9632AB482DB20D5F007CBB30 /* HeroService.swift in Sources */ = {isa = PBXBuildFile; fileRef = 9632AB472DB20D5F007CBB30 /* HeroService.swift */; };
		9632AB4A2DB20E57007CBB30 /* Model.swift in Sources */ = {isa = PBXBuildFile; fileRef = 9632AB492DB20E57007CBB30 /* Model.swift */; };
		9632AB4C2DB20EDA007CBB30 /* HeroListViewModel.swift in Sources */ = {isa = PBXBuildFile; fileRef = 9632AB4B2DB20EDA007CBB30 /* HeroListViewModel.swift */; };
		9632AB4E2DB20FC6007CBB30 /* RootViewControllerRepresentable.swift in Sources */ = {isa = PBXBuildFile; fileRef = 9632AB4D2DB20FC6007CBB30 /* RootViewControllerRepresentable.swift */; };
/* End PBXBuildFile section */

/* Begin PBXFileReference section */
		9632AB342DB20CE3007CBB30 /* SuperHero.app */ = {isa = PBXFileReference; explicitFileType = wrapper.application; includeInIndex = 0; path = SuperHero.app; sourceTree = BUILT_PRODUCTS_DIR; };
		9632AB372DB20CE3007CBB30 /* SuperHeroApp.swift */ = {isa = PBXFileReference; lastKnownFileType = sourcecode.swift; path = SuperHeroApp.swift; sourceTree = "<group>"; };
		9632AB392DB20CE3007CBB30 /* ContentView.swift */ = {isa = PBXFileReference; lastKnownFileType = sourcecode.swift; path = ContentView.swift; sourceTree = "<group>"; };
		9632AB3B2DB20CE5007CBB30 /* Assets.xcassets */ = {isa = PBXFileReference; lastKnownFileType = folder.assetcatalog; path = Assets.xcassets; sourceTree = "<group>"; };
		9632AB3E2DB20CE5007CBB30 /* Preview Assets.xcassets */ = {isa = PBXFileReference; lastKnownFileType = folder.assetcatalog; path = "Preview Assets.xcassets"; sourceTree = "<group>"; };
		9632AB452DB20D15007CBB30 /* Router.swift */ = {isa = PBXFileReference; lastKnownFileType = sourcecode.swift; path = Router.swift; sourceTree = "<group>"; };
		9632AB472DB20D5F007CBB30 /* HeroService.swift */ = {isa = PBXFileReference; lastKnownFileType = sourcecode.swift; path = HeroService.swift; sourceTree = "<group>"; };
		9632AB492DB20E57007CBB30 /* Model.swift */ = {isa = PBXFileReference; lastKnownFileType = sourcecode.swift; path = Model.swift; sourceTree = "<group>"; };
		9632AB4B2DB20EDA007CBB30 /* HeroListViewModel.swift */ = {isa = PBXFileReference; lastKnownFileType = sourcecode.swift; path = HeroListViewModel.swift; sourceTree = "<group>"; };
		9632AB4D2DB20FC6007CBB30 /* RootViewControllerRepresentable.swift */ = {isa = PBXFileReference; lastKnownFileType = sourcecode.swift; path = RootViewControllerRepresentable.swift; sourceTree = "<group>"; };
/* End PBXFileReference section */

/* Begin PBXFrameworksBuildPhase section */
		9632AB312DB20CE3007CBB30 /* Frameworks */ = {
			isa = PBXFrameworksBuildPhase;
			buildActionMask = 2147483647;
			files = (
			);
			runOnlyForDeploymentPostprocessing = 0;
		};
/* End PBXFrameworksBuildPhase section */

/* Begin PBXGroup section */
		9632AB2B2DB20CE3007CBB30 = {
			isa = PBXGroup;
			children = (
				9632AB362DB20CE3007CBB30 /* SuperHero */,
				9632AB352DB20CE3007CBB30 /* Products */,
			);
			sourceTree = "<group>";
		};
		9632AB352DB20CE3007CBB30 /* Products */ = {
			isa = PBXGroup;
			children = (
				9632AB342DB20CE3007CBB30 /* SuperHero.app */,
			);
			name = Products;
			sourceTree = "<group>";
		};
		9632AB362DB20CE3007CBB30 /* SuperHero */ = {
			isa = PBXGroup;
			children = (
				9632AB372DB20CE3007CBB30 /* SuperHeroApp.swift */,
				9632AB392DB20CE3007CBB30 /* ContentView.swift */,
				9632AB4B2DB20EDA007CBB30 /* HeroListViewModel.swift */,
				9632AB472DB20D5F007CBB30 /* HeroService.swift */,
				9632AB492DB20E57007CBB30 /* Model.swift */,
				9632AB452DB20D15007CBB30 /* Router.swift */,
				9632AB4D2DB20FC6007CBB30 /* RootViewControllerRepresentable.swift */,
				9632AB3B2DB20CE5007CBB30 /* Assets.xcassets */,
				9632AB3D2DB20CE5007CBB30 /* Preview Content */,
			);
			path = SuperHero;
			sourceTree = "<group>";
		};
		9632AB3D2DB20CE5007CBB30 /* Preview Content */ = {
			isa = PBXGroup;
			children = (
				9632AB3E2DB20CE5007CBB30 /* Preview Assets.xcassets */,
			);
			path = "Preview Content";
			sourceTree = "<group>";
		};
/* End PBXGroup section */

/* Begin PBXNativeTarget section */
		9632AB332DB20CE3007CBB30 /* SuperHero */ = {
			isa = PBXNativeTarget;
			buildConfigurationList = 9632AB422DB20CE5007CBB30 /* Build configuration list for PBXNativeTarget "SuperHero" */;
			buildPhases = (
				9632AB302DB20CE3007CBB30 /* Sources */,
				9632AB312DB20CE3007CBB30 /* Frameworks */,
				9632AB322DB20CE3007CBB30 /* Resources */,
			);
			buildRules = (
			);
			dependencies = (
			);
			name = SuperHero;
			productName = SuperHero;
			productReference = 9632AB342DB20CE3007CBB30 /* SuperHero.app */;
			productType = "com.apple.product-type.application";
		};
/* End PBXNativeTarget section */

/* Begin PBXProject section */
		9632AB2C2DB20CE3007CBB30 /* Project object */ = {
			isa = PBXProject;
			attributes = {
				BuildIndependentTargetsInParallel = 1;
				LastSwiftUpdateCheck = 1520;
				LastUpgradeCheck = 1520;
				TargetAttributes = {
					9632AB332DB20CE3007CBB30 = {
						CreatedOnToolsVersion = 15.2;
					};
				};
			};
			buildConfigurationList = 9632AB2F2DB20CE3007CBB30 /* Build configuration list for PBXProject "SuperHero" */;
			compatibilityVersion = "Xcode 14.0";
			developmentRegion = en;
			hasScannedForEncodings = 0;
			knownRegions = (
				en,
				Base,
			);
			mainGroup = 9632AB2B2DB20CE3007CBB30;
			productRefGroup = 9632AB352DB20CE3007CBB30 /* Products */;
			projectDirPath = "";
			projectRoot = "";
			targets = (
				9632AB332DB20CE3007CBB30 /* SuperHero */,
			);
		};
/* End PBXProject section */

/* Begin PBXResourcesBuildPhase section */
		9632AB322DB20CE3007CBB30 /* Resources */ = {
			isa = PBXResourcesBuildPhase;
			buildActionMask = 2147483647;
			files = (
				9632AB3F2DB20CE5007CBB30 /* Preview Assets.xcassets in Resources */,
				9632AB3C2DB20CE5007CBB30 /* Assets.xcassets in Resources */,
			);
			runOnlyForDeploymentPostprocessing = 0;
		};
/* End PBXResourcesBuildPhase section */

/* Begin PBXSourcesBuildPhase section */
		9632AB302DB20CE3007CBB30 /* Sources */ = {
			isa = PBXSourcesBuildPhase;
			buildActionMask = 2147483647;
			files = (
				9632AB4A2DB20E57007CBB30 /* Model.swift in Sources */,
				9632AB3A2DB20CE3007CBB30 /* ContentView.swift in Sources */,
				9632AB4E2DB20FC6007CBB30 /* RootViewControllerRepresentable.swift in Sources */,
				9632AB462DB20D15007CBB30 /* Router.swift in Sources */,
				9632AB382DB20CE3007CBB30 /* SuperHeroApp.swift in Sources */,
				9632AB4C2DB20EDA007CBB30 /* HeroListViewModel.swift in Sources */,
				9632AB482DB20D5F007CBB30 /* HeroService.swift in Sources */,
			);
			runOnlyForDeploymentPostprocessing = 0;
		};
/* End PBXSourcesBuildPhase section */

/* Begin XCBuildConfiguration section */
		9632AB402DB20CE5007CBB30 /* Debug */ = {
			isa = XCBuildConfiguration;
			buildSettings = {
				ALWAYS_SEARCH_USER_PATHS = NO;
				ASSETCATALOG_COMPILER_GENERATE_SWIFT_ASSET_SYMBOL_EXTENSIONS = YES;
				CLANG_ANALYZER_NONNULL = YES;
				CLANG_ANALYZER_NUMBER_OBJECT_CONVERSION = YES_AGGRESSIVE;
				CLANG_CXX_LANGUAGE_STANDARD = "gnu++20";
				CLANG_ENABLE_MODULES = YES;
				CLANG_ENABLE_OBJC_ARC = YES;
				CLANG_ENABLE_OBJC_WEAK = YES;
				CLANG_WARN_BLOCK_CAPTURE_AUTORELEASING = YES;
				CLANG_WARN_BOOL_CONVERSION = YES;
				CLANG_WARN_COMMA = YES;
				CLANG_WARN_CONSTANT_CONVERSION = YES;
				CLANG_WARN_DEPRECATED_OBJC_IMPLEMENTATIONS = YES;
				CLANG_WARN_DIRECT_OBJC_ISA_USAGE = YES_ERROR;
				CLANG_WARN_DOCUMENTATION_COMMENTS = YES;
				CLANG_WARN_EMPTY_BODY = YES;
				CLANG_WARN_ENUM_CONVERSION = YES;
				CLANG_WARN_INFINITE_RECURSION = YES;
				CLANG_WARN_INT_CONVERSION = YES;
				CLANG_WARN_NON_LITERAL_NULL_CONVERSION = YES;
				CLANG_WARN_OBJC_IMPLICIT_RETAIN_SELF = YES;
				CLANG_WARN_OBJC_LITERAL_CONVERSION = YES;
				CLANG_WARN_OBJC_ROOT_CLASS = YES_ERROR;
				CLANG_WARN_QUOTED_INCLUDE_IN_FRAMEWORK_HEADER = YES;
				CLANG_WARN_RANGE_LOOP_ANALYSIS = YES;
				CLANG_WARN_STRICT_PROTOTYPES = YES;
				CLANG_WARN_SUSPICIOUS_MOVE = YES;
				CLANG_WARN_UNGUARDED_AVAILABILITY = YES_AGGRESSIVE;
				CLANG_WARN_UNREACHABLE_CODE = YES;
				CLANG_WARN__DUPLICATE_METHOD_MATCH = YES;
				COPY_PHASE_STRIP = NO;
				DEBUG_INFORMATION_FORMAT = dwarf;
				ENABLE_STRICT_OBJC_MSGSEND = YES;
				ENABLE_TESTABILITY = YES;
				ENABLE_USER_SCRIPT_SANDBOXING = YES;
				GCC_C_LANGUAGE_STANDARD = gnu17;
				GCC_DYNAMIC_NO_PIC = NO;
				GCC_NO_COMMON_BLOCKS = YES;
				GCC_OPTIMIZATION_LEVEL = 0;
				GCC_PREPROCESSOR_DEFINITIONS = (
					"DEBUG=1",
					"$(inherited)",
				);
				GCC_WARN_64_TO_32_BIT_CONVERSION = YES;
				GCC_WARN_ABOUT_RETURN_TYPE = YES_ERROR;
				GCC_WARN_UNDECLARED_SELECTOR = YES;
				GCC_WARN_UNINITIALIZED_AUTOS = YES_AGGRESSIVE;
				GCC_WARN_UNUSED_FUNCTION = YES;
				GCC_WARN_UNUSED_VARIABLE = YES;
				IPHONEOS_DEPLOYMENT_TARGET = 17.2;
				LOCALIZATION_PREFERS_STRING_CATALOGS = YES;
				MTL_ENABLE_DEBUG_INFO = INCLUDE_SOURCE;
				MTL_FAST_MATH = YES;
				ONLY_ACTIVE_ARCH = YES;
				SDKROOT = iphoneos;
				SWIFT_ACTIVE_COMPILATION_CONDITIONS = "DEBUG $(inherited)";
				SWIFT_OPTIMIZATION_LEVEL = "-Onone";
			};
			name = Debug;
		};
		9632AB412DB20CE5007CBB30 /* Release */ = {
			isa = XCBuildConfiguration;
			buildSettings = {
				ALWAYS_SEARCH_USER_PATHS = NO;
				ASSETCATALOG_COMPILER_GENERATE_SWIFT_ASSET_SYMBOL_EXTENSIONS = YES;
				CLANG_ANALYZER_NONNULL = YES;
				CLANG_ANALYZER_NUMBER_OBJECT_CONVERSION = YES_AGGRESSIVE;
				CLANG_CXX_LANGUAGE_STANDARD = "gnu++20";
				CLANG_ENABLE_MODULES = YES;
				CLANG_ENABLE_OBJC_ARC = YES;
				CLANG_ENABLE_OBJC_WEAK = YES;
				CLANG_WARN_BLOCK_CAPTURE_AUTORELEASING = YES;
				CLANG_WARN_BOOL_CONVERSION = YES;
				CLANG_WARN_COMMA = YES;
				CLANG_WARN_CONSTANT_CONVERSION = YES;
				CLANG_WARN_DEPRECATED_OBJC_IMPLEMENTATIONS = YES;
				CLANG_WARN_DIRECT_OBJC_ISA_USAGE = YES_ERROR;
				CLANG_WARN_DOCUMENTATION_COMMENTS = YES;
				CLANG_WARN_EMPTY_BODY = YES;
				CLANG_WARN_ENUM_CONVERSION = YES;
				CLANG_WARN_INFINITE_RECURSION = YES;
				CLANG_WARN_INT_CONVERSION = YES;
				CLANG_WARN_NON_LITERAL_NULL_CONVERSION = YES;
				CLANG_WARN_OBJC_IMPLICIT_RETAIN_SELF = YES;
				CLANG_WARN_OBJC_LITERAL_CONVERSION = YES;
				CLANG_WARN_OBJC_ROOT_CLASS = YES_ERROR;
				CLANG_WARN_QUOTED_INCLUDE_IN_FRAMEWORK_HEADER = YES;
				CLANG_WARN_RANGE_LOOP_ANALYSIS = YES;
				CLANG_WARN_STRICT_PROTOTYPES = YES;
				CLANG_WARN_SUSPICIOUS_MOVE = YES;
				CLANG_WARN_UNGUARDED_AVAILABILITY = YES_AGGRESSIVE;
				CLANG_WARN_UNREACHABLE_CODE = YES;
				CLANG_WARN__DUPLICATE_METHOD_MATCH = YES;
				COPY_PHASE_STRIP = NO;
				DEBUG_INFORMATION_FORMAT = "dwarf-with-dsym";
				ENABLE_NS_ASSERTIONS = NO;
				ENABLE_STRICT_OBJC_MSGSEND = YES;
				ENABLE_USER_SCRIPT_SANDBOXING = YES;
				GCC_C_LANGUAGE_STANDARD = gnu17;
				GCC_NO_COMMON_BLOCKS = YES;
				GCC_WARN_64_TO_32_BIT_CONVERSION = YES;
				GCC_WARN_ABOUT_RETURN_TYPE = YES_ERROR;
				GCC_WARN_UNDECLARED_SELECTOR = YES;
				GCC_WARN_UNINITIALIZED_AUTOS = YES_AGGRESSIVE;
				GCC_WARN_UNUSED_FUNCTION = YES;
				GCC_WARN_UNUSED_VARIABLE = YES;
				IPHONEOS_DEPLOYMENT_TARGET = 17.2;
				LOCALIZATION_PREFERS_STRING_CATALOGS = YES;
				MTL_ENABLE_DEBUG_INFO = NO;
				MTL_FAST_MATH = YES;
				SDKROOT = iphoneos;
				SWIFT_COMPILATION_MODE = wholemodule;
				VALIDATE_PRODUCT = YES;
			};
			name = Release;
		};
		9632AB432DB20CE5007CBB30 /* Debug */ = {
			isa = XCBuildConfiguration;
			buildSettings = {
				ASSETCATALOG_COMPILER_APPICON_NAME = AppIcon;
				ASSETCATALOG_COMPILER_GLOBAL_ACCENT_COLOR_NAME = AccentColor;
				CODE_SIGN_STYLE = Automatic;
				CURRENT_PROJECT_VERSION = 1;
				DEVELOPMENT_ASSET_PATHS = "\"SuperHero/Preview Content\"";
				ENABLE_PREVIEWS = YES;
				GENERATE_INFOPLIST_FILE = YES;
				INFOPLIST_KEY_UIApplicationSceneManifest_Generation = YES;
				INFOPLIST_KEY_UIApplicationSupportsIndirectInputEvents = YES;
				INFOPLIST_KEY_UILaunchScreen_Generation = YES;
				INFOPLIST_KEY_UISupportedInterfaceOrientations_iPad = "UIInterfaceOrientationPortrait UIInterfaceOrientationPortraitUpsideDown UIInterfaceOrientationLandscapeLeft UIInterfaceOrientationLandscapeRight";
				INFOPLIST_KEY_UISupportedInterfaceOrientations_iPhone = "UIInterfaceOrientationPortrait UIInterfaceOrientationLandscapeLeft UIInterfaceOrientationLandscapeRight";
				LD_RUNPATH_SEARCH_PATHS = (
					"$(inherited)",
					"@executable_path/Frameworks",
				);
				MARKETING_VERSION = 1.0;
				PRODUCT_BUNDLE_IDENTIFIER = Bakustar.SuperHero;
				PRODUCT_NAME = "$(TARGET_NAME)";
				SWIFT_EMIT_LOC_STRINGS = YES;
				SWIFT_VERSION = 5.0;
				TARGETED_DEVICE_FAMILY = "1,2";
			};
			name = Debug;
		};
		9632AB442DB20CE5007CBB30 /* Release */ = {
			isa = XCBuildConfiguration;
			buildSettings = {
				ASSETCATALOG_COMPILER_APPICON_NAME = AppIcon;
				ASSETCATALOG_COMPILER_GLOBAL_ACCENT_COLOR_NAME = AccentColor;
				CODE_SIGN_STYLE = Automatic;
				CURRENT_PROJECT_VERSION = 1;
				DEVELOPMENT_ASSET_PATHS = "\"SuperHero/Preview Content\"";
				ENABLE_PREVIEWS = YES;
				GENERATE_INFOPLIST_FILE = YES;
				INFOPLIST_KEY_UIApplicationSceneManifest_Generation = YES;
				INFOPLIST_KEY_UIApplicationSupportsIndirectInputEvents = YES;
				INFOPLIST_KEY_UILaunchScreen_Generation = YES;
				INFOPLIST_KEY_UISupportedInterfaceOrientations_iPad = "UIInterfaceOrientationPortrait UIInterfaceOrientationPortraitUpsideDown UIInterfaceOrientationLandscapeLeft UIInterfaceOrientationLandscapeRight";
				INFOPLIST_KEY_UISupportedInterfaceOrientations_iPhone = "UIInterfaceOrientationPortrait UIInterfaceOrientationLandscapeLeft UIInterfaceOrientationLandscapeRight";
				LD_RUNPATH_SEARCH_PATHS = (
					"$(inherited)",
					"@executable_path/Frameworks",
				);
				MARKETING_VERSION = 1.0;
				PRODUCT_BUNDLE_IDENTIFIER = Bakustar.SuperHero;
				PRODUCT_NAME = "$(TARGET_NAME)";
				SWIFT_EMIT_LOC_STRINGS = YES;
				SWIFT_VERSION = 5.0;
				TARGETED_DEVICE_FAMILY = "1,2";
			};
			name = Release;
		};
/* End XCBuildConfiguration section */

/* Begin XCConfigurationList section */
		9632AB2F2DB20CE3007CBB30 /* Build configuration list for PBXProject "SuperHero" */ = {
			isa = XCConfigurationList;
			buildConfigurations = (
				9632AB402DB20CE5007CBB30 /* Debug */,
				9632AB412DB20CE5007CBB30 /* Release */,
			);
			defaultConfigurationIsVisible = 0;
			defaultConfigurationName = Release;
		};
		9632AB422DB20CE5007CBB30 /* Build configuration list for PBXNativeTarget "SuperHero" */ = {
			isa = XCConfigurationList;
			buildConfigurations = (
				9632AB432DB20CE5007CBB30 /* Debug */,
				9632AB442DB20CE5007CBB30 /* Release */,
			);
			defaultConfigurationIsVisible = 0;
			defaultConfigurationName = Release;
		};
/* End XCConfigurationList section */
	};
	rootObject = 9632AB2C2DB20CE3007CBB30 /* Project object */;
}
