// !$*UTF8*$!
{
	archiveVersion = 1;
	classes = {
	};
	objectVersion = 56;
	objects = {

/* Begin PBXBuildFile section */
		964A2CAC2D79FC75004F3EA1 /* PersonaApp.swift in Sources */ = {isa = PBXBuildFile; fileRef = 964A2CAB2D79FC75004F3EA1 /* PersonaApp.swift */; };
		964A2CAE2D79FC75004F3EA1 /* ProfileView.swift in Sources */ = {isa = PBXBuildFile; fileRef = 964A2CAD2D79FC75004F3EA1 /* ProfileView.swift */; };
		964A2CB02D79FC77004F3EA1 /* Assets.xcassets in Resources */ = {isa = PBXBuildFile; fileRef = 964A2CAF2D79FC77004F3EA1 /* Assets.xcassets */; };
		964A2CB32D79FC77004F3EA1 /* Preview Assets.xcassets in Resources */ = {isa = PBXBuildFile; fileRef = 964A2CB22D79FC77004F3EA1 /* Preview Assets.xcassets */; };
		964A2CBD2D79FC78004F3EA1 /* PersonaTests.swift in Sources */ = {isa = PBXBuildFile; fileRef = 964A2CBC2D79FC78004F3EA1 /* PersonaTests.swift */; };
		964A2CC72D79FC78004F3EA1 /* PersonaUITests.swift in Sources */ = {isa = PBXBuildFile; fileRef = 964A2CC62D79FC78004F3EA1 /* PersonaUITests.swift */; };
		964A2CC92D79FC78004F3EA1 /* PersonaUITestsLaunchTests.swift in Sources */ = {isa = PBXBuildFile; fileRef = 964A2CC82D79FC78004F3EA1 /* PersonaUITestsLaunchTests.swift */; };
/* End PBXBuildFile section */

/* Begin PBXContainerItemProxy section */
		964A2CB92D79FC78004F3EA1 /* PBXContainerItemProxy */ = {
			isa = PBXContainerItemProxy;
			containerPortal = 964A2CA02D79FC75004F3EA1 /* Project object */;
			proxyType = 1;
			remoteGlobalIDString = 964A2CA72D79FC75004F3EA1;
			remoteInfo = Persona;
		};
		964A2CC32D79FC78004F3EA1 /* PBXContainerItemProxy */ = {
			isa = PBXContainerItemProxy;
			containerPortal = 964A2CA02D79FC75004F3EA1 /* Project object */;
			proxyType = 1;
			remoteGlobalIDString = 964A2CA72D79FC75004F3EA1;
			remoteInfo = Persona;
		};
/* End PBXContainerItemProxy section */

/* Begin PBXFileReference section */
		964A2CA82D79FC75004F3EA1 /* Persona.app */ = {isa = PBXFileReference; explicitFileType = wrapper.application; includeInIndex = 0; path = Persona.app; sourceTree = BUILT_PRODUCTS_DIR; };
		964A2CAB2D79FC75004F3EA1 /* PersonaApp.swift */ = {isa = PBXFileReference; lastKnownFileType = sourcecode.swift; path = PersonaApp.swift; sourceTree = "<group>"; };
		964A2CAD2D79FC75004F3EA1 /* ProfileView.swift */ = {isa = PBXFileReference; lastKnownFileType = sourcecode.swift; path = ProfileView.swift; sourceTree = "<group>"; };
		964A2CAF2D79FC77004F3EA1 /* Assets.xcassets */ = {isa = PBXFileReference; lastKnownFileType = folder.assetcatalog; path = Assets.xcassets; sourceTree = "<group>"; };
		964A2CB22D79FC77004F3EA1 /* Preview Assets.xcassets */ = {isa = PBXFileReference; lastKnownFileType = folder.assetcatalog; path = "Preview Assets.xcassets"; sourceTree = "<group>"; };
		964A2CB82D79FC78004F3EA1 /* PersonaTests.xctest */ = {isa = PBXFileReference; explicitFileType = wrapper.cfbundle; includeInIndex = 0; path = PersonaTests.xctest; sourceTree = BUILT_PRODUCTS_DIR; };
		964A2CBC2D79FC78004F3EA1 /* PersonaTests.swift */ = {isa = PBXFileReference; lastKnownFileType = sourcecode.swift; path = PersonaTests.swift; sourceTree = "<group>"; };
		964A2CC22D79FC78004F3EA1 /* PersonaUITests.xctest */ = {isa = PBXFileReference; explicitFileType = wrapper.cfbundle; includeInIndex = 0; path = PersonaUITests.xctest; sourceTree = BUILT_PRODUCTS_DIR; };
		964A2CC62D79FC78004F3EA1 /* PersonaUITests.swift */ = {isa = PBXFileReference; lastKnownFileType = sourcecode.swift; path = PersonaUITests.swift; sourceTree = "<group>"; };
		964A2CC82D79FC78004F3EA1 /* PersonaUITestsLaunchTests.swift */ = {isa = PBXFileReference; lastKnownFileType = sourcecode.swift; path = PersonaUITestsLaunchTests.swift; sourceTree = "<group>"; };
/* End PBXFileReference section */

/* Begin PBXFrameworksBuildPhase section */
		964A2CA52D79FC75004F3EA1 /* Frameworks */ = {
			isa = PBXFrameworksBuildPhase;
			buildActionMask = 2147483647;
			files = (
			);
			runOnlyForDeploymentPostprocessing = 0;
		};
		964A2CB52D79FC78004F3EA1 /* Frameworks */ = {
			isa = PBXFrameworksBuildPhase;
			buildActionMask = 2147483647;
			files = (
			);
			runOnlyForDeploymentPostprocessing = 0;
		};
		964A2CBF2D79FC78004F3EA1 /* Frameworks */ = {
			isa = PBXFrameworksBuildPhase;
			buildActionMask = 2147483647;
			files = (
			);
			runOnlyForDeploymentPostprocessing = 0;
		};
/* End PBXFrameworksBuildPhase section */

/* Begin PBXGroup section */
		964A2C9F2D79FC75004F3EA1 = {
			isa = PBXGroup;
			children = (
				964A2CAA2D79FC75004F3EA1 /* Persona */,
				964A2CBB2D79FC78004F3EA1 /* PersonaTests */,
				964A2CC52D79FC78004F3EA1 /* PersonaUITests */,
				964A2CA92D79FC75004F3EA1 /* Products */,
			);
			sourceTree = "<group>";
		};
		964A2CA92D79FC75004F3EA1 /* Products */ = {
			isa = PBXGroup;
			children = (
				964A2CA82D79FC75004F3EA1 /* Persona.app */,
				964A2CB82D79FC78004F3EA1 /* PersonaTests.xctest */,
				964A2CC22D79FC78004F3EA1 /* PersonaUITests.xctest */,
			);
			name = Products;
			sourceTree = "<group>";
		};
		964A2CAA2D79FC75004F3EA1 /* Persona */ = {
			isa = PBXGroup;
			children = (
				964A2CAB2D79FC75004F3EA1 /* PersonaApp.swift */,
				964A2CAD2D79FC75004F3EA1 /* ProfileView.swift */,
				964A2CAF2D79FC77004F3EA1 /* Assets.xcassets */,
				964A2CB12D79FC77004F3EA1 /* Preview Content */,
			);
			path = Persona;
			sourceTree = "<group>";
		};
		964A2CB12D79FC77004F3EA1 /* Preview Content */ = {
			isa = PBXGroup;
			children = (
				964A2CB22D79FC77004F3EA1 /* Preview Assets.xcassets */,
			);
			path = "Preview Content";
			sourceTree = "<group>";
		};
		964A2CBB2D79FC78004F3EA1 /* PersonaTests */ = {
			isa = PBXGroup;
			children = (
				964A2CBC2D79FC78004F3EA1 /* PersonaTests.swift */,
			);
			path = PersonaTests;
			sourceTree = "<group>";
		};
		964A2CC52D79FC78004F3EA1 /* PersonaUITests */ = {
			isa = PBXGroup;
			children = (
				964A2CC62D79FC78004F3EA1 /* PersonaUITests.swift */,
				964A2CC82D79FC78004F3EA1 /* PersonaUITestsLaunchTests.swift */,
			);
			path = PersonaUITests;
			sourceTree = "<group>";
		};
/* End PBXGroup section */

/* Begin PBXNativeTarget section */
		964A2CA72D79FC75004F3EA1 /* Persona */ = {
			isa = PBXNativeTarget;
			buildConfigurationList = 964A2CCC2D79FC78004F3EA1 /* Build configuration list for PBXNativeTarget "Persona" */;
			buildPhases = (
				964A2CA42D79FC75004F3EA1 /* Sources */,
				964A2CA52D79FC75004F3EA1 /* Frameworks */,
				964A2CA62D79FC75004F3EA1 /* Resources */,
			);
			buildRules = (
			);
			dependencies = (
			);
			name = Persona;
			productName = Persona;
			productReference = 964A2CA82D79FC75004F3EA1 /* Persona.app */;
			productType = "com.apple.product-type.application";
		};
		964A2CB72D79FC78004F3EA1 /* PersonaTests */ = {
			isa = PBXNativeTarget;
			buildConfigurationList = 964A2CCF2D79FC78004F3EA1 /* Build configuration list for PBXNativeTarget "PersonaTests" */;
			buildPhases = (
				964A2CB42D79FC78004F3EA1 /* Sources */,
				964A2CB52D79FC78004F3EA1 /* Frameworks */,
				964A2CB62D79FC78004F3EA1 /* Resources */,
			);
			buildRules = (
			);
			dependencies = (
				964A2CBA2D79FC78004F3EA1 /* PBXTargetDependency */,
			);
			name = PersonaTests;
			productName = PersonaTests;
			productReference = 964A2CB82D79FC78004F3EA1 /* PersonaTests.xctest */;
			productType = "com.apple.product-type.bundle.unit-test";
		};
		964A2CC12D79FC78004F3EA1 /* PersonaUITests */ = {
			isa = PBXNativeTarget;
			buildConfigurationList = 964A2CD22D79FC78004F3EA1 /* Build configuration list for PBXNativeTarget "PersonaUITests" */;
			buildPhases = (
				964A2CBE2D79FC78004F3EA1 /* Sources */,
				964A2CBF2D79FC78004F3EA1 /* Frameworks */,
				964A2CC02D79FC78004F3EA1 /* Resources */,
			);
			buildRules = (
			);
			dependencies = (
				964A2CC42D79FC78004F3EA1 /* PBXTargetDependency */,
			);
			name = PersonaUITests;
			productName = PersonaUITests;
			productReference = 964A2CC22D79FC78004F3EA1 /* PersonaUITests.xctest */;
			productType = "com.apple.product-type.bundle.ui-testing";
		};
/* End PBXNativeTarget section */

/* Begin PBXProject section */
		964A2CA02D79FC75004F3EA1 /* Project object */ = {
			isa = PBXProject;
			attributes = {
				BuildIndependentTargetsInParallel = 1;
				LastSwiftUpdateCheck = 1520;
				LastUpgradeCheck = 1520;
				TargetAttributes = {
					964A2CA72D79FC75004F3EA1 = {
						CreatedOnToolsVersion = 15.2;
					};
					964A2CB72D79FC78004F3EA1 = {
						CreatedOnToolsVersion = 15.2;
						TestTargetID = 964A2CA72D79FC75004F3EA1;
					};
					964A2CC12D79FC78004F3EA1 = {
						CreatedOnToolsVersion = 15.2;
						TestTargetID = 964A2CA72D79FC75004F3EA1;
					};
				};
			};
			buildConfigurationList = 964A2CA32D79FC75004F3EA1 /* Build configuration list for PBXProject "Persona" */;
			compatibilityVersion = "Xcode 14.0";
			developmentRegion = en;
			hasScannedForEncodings = 0;
			knownRegions = (
				en,
				Base,
			);
			mainGroup = 964A2C9F2D79FC75004F3EA1;
			productRefGroup = 964A2CA92D79FC75004F3EA1 /* Products */;
			projectDirPath = "";
			projectRoot = "";
			targets = (
				964A2CA72D79FC75004F3EA1 /* Persona */,
				964A2CB72D79FC78004F3EA1 /* PersonaTests */,
				964A2CC12D79FC78004F3EA1 /* PersonaUITests */,
			);
		};
/* End PBXProject section */

/* Begin PBXResourcesBuildPhase section */
		964A2CA62D79FC75004F3EA1 /* Resources */ = {
			isa = PBXResourcesBuildPhase;
			buildActionMask = 2147483647;
			files = (
				964A2CB32D79FC77004F3EA1 /* Preview Assets.xcassets in Resources */,
				964A2CB02D79FC77004F3EA1 /* Assets.xcassets in Resources */,
			);
			runOnlyForDeploymentPostprocessing = 0;
		};
		964A2CB62D79FC78004F3EA1 /* Resources */ = {
			isa = PBXResourcesBuildPhase;
			buildActionMask = 2147483647;
			files = (
			);
			runOnlyForDeploymentPostprocessing = 0;
		};
		964A2CC02D79FC78004F3EA1 /* Resources */ = {
			isa = PBXResourcesBuildPhase;
			buildActionMask = 2147483647;
			files = (
			);
			runOnlyForDeploymentPostprocessing = 0;
		};
/* End PBXResourcesBuildPhase section */

/* Begin PBXSourcesBuildPhase section */
		964A2CA42D79FC75004F3EA1 /* Sources */ = {
			isa = PBXSourcesBuildPhase;
			buildActionMask = 2147483647;
			files = (
				964A2CAE2D79FC75004F3EA1 /* ProfileView.swift in Sources */,
				964A2CAC2D79FC75004F3EA1 /* PersonaApp.swift in Sources */,
			);
			runOnlyForDeploymentPostprocessing = 0;
		};
		964A2CB42D79FC78004F3EA1 /* Sources */ = {
			isa = PBXSourcesBuildPhase;
			buildActionMask = 2147483647;
			files = (
				964A2CBD2D79FC78004F3EA1 /* PersonaTests.swift in Sources */,
			);
			runOnlyForDeploymentPostprocessing = 0;
		};
		964A2CBE2D79FC78004F3EA1 /* Sources */ = {
			isa = PBXSourcesBuildPhase;
			buildActionMask = 2147483647;
			files = (
				964A2CC72D79FC78004F3EA1 /* PersonaUITests.swift in Sources */,
				964A2CC92D79FC78004F3EA1 /* PersonaUITestsLaunchTests.swift in Sources */,
			);
			runOnlyForDeploymentPostprocessing = 0;
		};
/* End PBXSourcesBuildPhase section */

/* Begin PBXTargetDependency section */
		964A2CBA2D79FC78004F3EA1 /* PBXTargetDependency */ = {
			isa = PBXTargetDependency;
			target = 964A2CA72D79FC75004F3EA1 /* Persona */;
			targetProxy = 964A2CB92D79FC78004F3EA1 /* PBXContainerItemProxy */;
		};
		964A2CC42D79FC78004F3EA1 /* PBXTargetDependency */ = {
			isa = PBXTargetDependency;
			target = 964A2CA72D79FC75004F3EA1 /* Persona */;
			targetProxy = 964A2CC32D79FC78004F3EA1 /* PBXContainerItemProxy */;
		};
/* End PBXTargetDependency section */

/* Begin XCBuildConfiguration section */
		964A2CCA2D79FC78004F3EA1 /* Debug */ = {
			isa = XCBuildConfiguration;
			buildSettings = {
				ALWAYS_SEARCH_USER_PATHS = NO;
				ASSETCATALOG_COMPILER_GENERATE_SWIFT_ASSET_SYMBOL_EXTENSIONS = YES;
				CLANG_ANALYZER_NONNULL = YES;
				CLANG_ANALYZER_NUMBER_OBJECT_CONVERSION = YES_AGGRESSIVE;
				CLANG_CXX_LANGUAGE_STANDARD = "gnu++20";
				CLANG_ENABLE_MODULES = YES;
				CLANG_ENABLE_OBJC_ARC = YES;
				CLANG_ENABLE_OBJC_WEAK = YES;
				CLANG_WARN_BLOCK_CAPTURE_AUTORELEASING = YES;
				CLANG_WARN_BOOL_CONVERSION = YES;
				CLANG_WARN_COMMA = YES;
				CLANG_WARN_CONSTANT_CONVERSION = YES;
				CLANG_WARN_DEPRECATED_OBJC_IMPLEMENTATIONS = YES;
				CLANG_WARN_DIRECT_OBJC_ISA_USAGE = YES_ERROR;
				CLANG_WARN_DOCUMENTATION_COMMENTS = YES;
				CLANG_WARN_EMPTY_BODY = YES;
				CLANG_WARN_ENUM_CONVERSION = YES;
				CLANG_WARN_INFINITE_RECURSION = YES;
				CLANG_WARN_INT_CONVERSION = YES;
				CLANG_WARN_NON_LITERAL_NULL_CONVERSION = YES;
				CLANG_WARN_OBJC_IMPLICIT_RETAIN_SELF = YES;
				CLANG_WARN_OBJC_LITERAL_CONVERSION = YES;
				CLANG_WARN_OBJC_ROOT_CLASS = YES_ERROR;
				CLANG_WARN_QUOTED_INCLUDE_IN_FRAMEWORK_HEADER = YES;
				CLANG_WARN_RANGE_LOOP_ANALYSIS = YES;
				CLANG_WARN_STRICT_PROTOTYPES = YES;
				CLANG_WARN_SUSPICIOUS_MOVE = YES;
				CLANG_WARN_UNGUARDED_AVAILABILITY = YES_AGGRESSIVE;
				CLANG_WARN_UNREACHABLE_CODE = YES;
				CLANG_WARN__DUPLICATE_METHOD_MATCH = YES;
				COPY_PHASE_STRIP = NO;
				DEBUG_INFORMATION_FORMAT = dwarf;
				ENABLE_STRICT_OBJC_MSGSEND = YES;
				ENABLE_TESTABILITY = YES;
				ENABLE_USER_SCRIPT_SANDBOXING = YES;
				GCC_C_LANGUAGE_STANDARD = gnu17;
				GCC_DYNAMIC_NO_PIC = NO;
				GCC_NO_COMMON_BLOCKS = YES;
				GCC_OPTIMIZATION_LEVEL = 0;
				GCC_PREPROCESSOR_DEFINITIONS = (
					"DEBUG=1",
					"$(inherited)",
				);
				GCC_WARN_64_TO_32_BIT_CONVERSION = YES;
				GCC_WARN_ABOUT_RETURN_TYPE = YES_ERROR;
				GCC_WARN_UNDECLARED_SELECTOR = YES;
				GCC_WARN_UNINITIALIZED_AUTOS = YES_AGGRESSIVE;
				GCC_WARN_UNUSED_FUNCTION = YES;
				GCC_WARN_UNUSED_VARIABLE = YES;
				IPHONEOS_DEPLOYMENT_TARGET = 17.2;
				LOCALIZATION_PREFERS_STRING_CATALOGS = YES;
				MTL_ENABLE_DEBUG_INFO = INCLUDE_SOURCE;
				MTL_FAST_MATH = YES;
				ONLY_ACTIVE_ARCH = YES;
				SDKROOT = iphoneos;
				SWIFT_ACTIVE_COMPILATION_CONDITIONS = "DEBUG $(inherited)";
				SWIFT_OPTIMIZATION_LEVEL = "-Onone";
			};
			name = Debug;
		};
		964A2CCB2D79FC78004F3EA1 /* Release */ = {
			isa = XCBuildConfiguration;
			buildSettings = {
				ALWAYS_SEARCH_USER_PATHS = NO;
				ASSETCATALOG_COMPILER_GENERATE_SWIFT_ASSET_SYMBOL_EXTENSIONS = YES;
				CLANG_ANALYZER_NONNULL = YES;
				CLANG_ANALYZER_NUMBER_OBJECT_CONVERSION = YES_AGGRESSIVE;
				CLANG_CXX_LANGUAGE_STANDARD = "gnu++20";
				CLANG_ENABLE_MODULES = YES;
				CLANG_ENABLE_OBJC_ARC = YES;
				CLANG_ENABLE_OBJC_WEAK = YES;
				CLANG_WARN_BLOCK_CAPTURE_AUTORELEASING = YES;
				CLANG_WARN_BOOL_CONVERSION = YES;
				CLANG_WARN_COMMA = YES;
				CLANG_WARN_CONSTANT_CONVERSION = YES;
				CLANG_WARN_DEPRECATED_OBJC_IMPLEMENTATIONS = YES;
				CLANG_WARN_DIRECT_OBJC_ISA_USAGE = YES_ERROR;
				CLANG_WARN_DOCUMENTATION_COMMENTS = YES;
				CLANG_WARN_EMPTY_BODY = YES;
				CLANG_WARN_ENUM_CONVERSION = YES;
				CLANG_WARN_INFINITE_RECURSION = YES;
				CLANG_WARN_INT_CONVERSION = YES;
				CLANG_WARN_NON_LITERAL_NULL_CONVERSION = YES;
				CLANG_WARN_OBJC_IMPLICIT_RETAIN_SELF = YES;
				CLANG_WARN_OBJC_LITERAL_CONVERSION = YES;
				CLANG_WARN_OBJC_ROOT_CLASS = YES_ERROR;
				CLANG_WARN_QUOTED_INCLUDE_IN_FRAMEWORK_HEADER = YES;
				CLANG_WARN_RANGE_LOOP_ANALYSIS = YES;
				CLANG_WARN_STRICT_PROTOTYPES = YES;
				CLANG_WARN_SUSPICIOUS_MOVE = YES;
				CLANG_WARN_UNGUARDED_AVAILABILITY = YES_AGGRESSIVE;
				CLANG_WARN_UNREACHABLE_CODE = YES;
				CLANG_WARN__DUPLICATE_METHOD_MATCH = YES;
				COPY_PHASE_STRIP = NO;
				DEBUG_INFORMATION_FORMAT = "dwarf-with-dsym";
				ENABLE_NS_ASSERTIONS = NO;
				ENABLE_STRICT_OBJC_MSGSEND = YES;
				ENABLE_USER_SCRIPT_SANDBOXING = YES;
				GCC_C_LANGUAGE_STANDARD = gnu17;
				GCC_NO_COMMON_BLOCKS = YES;
				GCC_WARN_64_TO_32_BIT_CONVERSION = YES;
				GCC_WARN_ABOUT_RETURN_TYPE = YES_ERROR;
				GCC_WARN_UNDECLARED_SELECTOR = YES;
				GCC_WARN_UNINITIALIZED_AUTOS = YES_AGGRESSIVE;
				GCC_WARN_UNUSED_FUNCTION = YES;
				GCC_WARN_UNUSED_VARIABLE = YES;
				IPHONEOS_DEPLOYMENT_TARGET = 17.2;
				LOCALIZATION_PREFERS_STRING_CATALOGS = YES;
				MTL_ENABLE_DEBUG_INFO = NO;
				MTL_FAST_MATH = YES;
				SDKROOT = iphoneos;
				SWIFT_COMPILATION_MODE = wholemodule;
				VALIDATE_PRODUCT = YES;
			};
			name = Release;
		};
		964A2CCD2D79FC78004F3EA1 /* Debug */ = {
			isa = XCBuildConfiguration;
			buildSettings = {
				ASSETCATALOG_COMPILER_APPICON_NAME = AppIcon;
				ASSETCATALOG_COMPILER_GLOBAL_ACCENT_COLOR_NAME = AccentColor;
				CODE_SIGN_STYLE = Automatic;
				CURRENT_PROJECT_VERSION = 1;
				DEVELOPMENT_ASSET_PATHS = "\"Persona/Preview Content\"";
				ENABLE_PREVIEWS = YES;
				GENERATE_INFOPLIST_FILE = YES;
				INFOPLIST_KEY_UIApplicationSceneManifest_Generation = YES;
				INFOPLIST_KEY_UIApplicationSupportsIndirectInputEvents = YES;
				INFOPLIST_KEY_UILaunchScreen_Generation = YES;
				INFOPLIST_KEY_UISupportedInterfaceOrientations_iPad = "UIInterfaceOrientationPortrait UIInterfaceOrientationPortraitUpsideDown UIInterfaceOrientationLandscapeLeft UIInterfaceOrientationLandscapeRight";
				INFOPLIST_KEY_UISupportedInterfaceOrientations_iPhone = "UIInterfaceOrientationPortrait UIInterfaceOrientationLandscapeLeft UIInterfaceOrientationLandscapeRight";
				LD_RUNPATH_SEARCH_PATHS = (
					"$(inherited)",
					"@executable_path/Frameworks",
				);
				MARKETING_VERSION = 1.0;
				PRODUCT_BUNDLE_IDENTIFIER = Bakustar.Persona;
				PRODUCT_NAME = "$(TARGET_NAME)";
				SWIFT_EMIT_LOC_STRINGS = YES;
				SWIFT_VERSION = 5.0;
				TARGETED_DEVICE_FAMILY = "1,2";
			};
			name = Debug;
		};
		964A2CCE2D79FC78004F3EA1 /* Release */ = {
			isa = XCBuildConfiguration;
			buildSettings = {
				ASSETCATALOG_COMPILER_APPICON_NAME = AppIcon;
				ASSETCATALOG_COMPILER_GLOBAL_ACCENT_COLOR_NAME = AccentColor;
				CODE_SIGN_STYLE = Automatic;
				CURRENT_PROJECT_VERSION = 1;
				DEVELOPMENT_ASSET_PATHS = "\"Persona/Preview Content\"";
				ENABLE_PREVIEWS = YES;
				GENERATE_INFOPLIST_FILE = YES;
				INFOPLIST_KEY_UIApplicationSceneManifest_Generation = YES;
				INFOPLIST_KEY_UIApplicationSupportsIndirectInputEvents = YES;
				INFOPLIST_KEY_UILaunchScreen_Generation = YES;
				INFOPLIST_KEY_UISupportedInterfaceOrientations_iPad = "UIInterfaceOrientationPortrait UIInterfaceOrientationPortraitUpsideDown UIInterfaceOrientationLandscapeLeft UIInterfaceOrientationLandscapeRight";
				INFOPLIST_KEY_UISupportedInterfaceOrientations_iPhone = "UIInterfaceOrientationPortrait UIInterfaceOrientationLandscapeLeft UIInterfaceOrientationLandscapeRight";
				LD_RUNPATH_SEARCH_PATHS = (
					"$(inherited)",
					"@executable_path/Frameworks",
				);
				MARKETING_VERSION = 1.0;
				PRODUCT_BUNDLE_IDENTIFIER = Bakustar.Persona;
				PRODUCT_NAME = "$(TARGET_NAME)";
				SWIFT_EMIT_LOC_STRINGS = YES;
				SWIFT_VERSION = 5.0;
				TARGETED_DEVICE_FAMILY = "1,2";
			};
			name = Release;
		};
		964A2CD02D79FC78004F3EA1 /* Debug */ = {
			isa = XCBuildConfiguration;
			buildSettings = {
				ALWAYS_EMBED_SWIFT_STANDARD_LIBRARIES = YES;
				BUNDLE_LOADER = "$(TEST_HOST)";
				CODE_SIGN_STYLE = Automatic;
				CURRENT_PROJECT_VERSION = 1;
				GENERATE_INFOPLIST_FILE = YES;
				IPHONEOS_DEPLOYMENT_TARGET = 17.2;
				MARKETING_VERSION = 1.0;
				PRODUCT_BUNDLE_IDENTIFIER = Bakustar.PersonaTests;
				PRODUCT_NAME = "$(TARGET_NAME)";
				SWIFT_EMIT_LOC_STRINGS = NO;
				SWIFT_VERSION = 5.0;
				TARGETED_DEVICE_FAMILY = "1,2";
				TEST_HOST = "$(BUILT_PRODUCTS_DIR)/Persona.app/$(BUNDLE_EXECUTABLE_FOLDER_PATH)/Persona";
			};
			name = Debug;
		};
		964A2CD12D79FC78004F3EA1 /* Release */ = {
			isa = XCBuildConfiguration;
			buildSettings = {
				ALWAYS_EMBED_SWIFT_STANDARD_LIBRARIES = YES;
				BUNDLE_LOADER = "$(TEST_HOST)";
				CODE_SIGN_STYLE = Automatic;
				CURRENT_PROJECT_VERSION = 1;
				GENERATE_INFOPLIST_FILE = YES;
				IPHONEOS_DEPLOYMENT_TARGET = 17.2;
				MARKETING_VERSION = 1.0;
				PRODUCT_BUNDLE_IDENTIFIER = Bakustar.PersonaTests;
				PRODUCT_NAME = "$(TARGET_NAME)";
				SWIFT_EMIT_LOC_STRINGS = NO;
				SWIFT_VERSION = 5.0;
				TARGETED_DEVICE_FAMILY = "1,2";
				TEST_HOST = "$(BUILT_PRODUCTS_DIR)/Persona.app/$(BUNDLE_EXECUTABLE_FOLDER_PATH)/Persona";
			};
			name = Release;
		};
		964A2CD32D79FC78004F3EA1 /* Debug */ = {
			isa = XCBuildConfiguration;
			buildSettings = {
				ALWAYS_EMBED_SWIFT_STANDARD_LIBRARIES = YES;
				CODE_SIGN_STYLE = Automatic;
				CURRENT_PROJECT_VERSION = 1;
				GENERATE_INFOPLIST_FILE = YES;
				MARKETING_VERSION = 1.0;
				PRODUCT_BUNDLE_IDENTIFIER = Bakustar.PersonaUITests;
				PRODUCT_NAME = "$(TARGET_NAME)";
				SWIFT_EMIT_LOC_STRINGS = NO;
				SWIFT_VERSION = 5.0;
				TARGETED_DEVICE_FAMILY = "1,2";
				TEST_TARGET_NAME = Persona;
			};
			name = Debug;
		};
		964A2CD42D79FC78004F3EA1 /* Release */ = {
			isa = XCBuildConfiguration;
			buildSettings = {
				ALWAYS_EMBED_SWIFT_STANDARD_LIBRARIES = YES;
				CODE_SIGN_STYLE = Automatic;
				CURRENT_PROJECT_VERSION = 1;
				GENERATE_INFOPLIST_FILE = YES;
				MARKETING_VERSION = 1.0;
				PRODUCT_BUNDLE_IDENTIFIER = Bakustar.PersonaUITests;
				PRODUCT_NAME = "$(TARGET_NAME)";
				SWIFT_EMIT_LOC_STRINGS = NO;
				SWIFT_VERSION = 5.0;
				TARGETED_DEVICE_FAMILY = "1,2";
				TEST_TARGET_NAME = Persona;
			};
			name = Release;
		};
/* End XCBuildConfiguration section */

/* Begin XCConfigurationList section */
		964A2CA32D79FC75004F3EA1 /* Build configuration list for PBXProject "Persona" */ = {
			isa = XCConfigurationList;
			buildConfigurations = (
				964A2CCA2D79FC78004F3EA1 /* Debug */,
				964A2CCB2D79FC78004F3EA1 /* Release */,
			);
			defaultConfigurationIsVisible = 0;
			defaultConfigurationName = Release;
		};
		964A2CCC2D79FC78004F3EA1 /* Build configuration list for PBXNativeTarget "Persona" */ = {
			isa = XCConfigurationList;
			buildConfigurations = (
				964A2CCD2D79FC78004F3EA1 /* Debug */,
				964A2CCE2D79FC78004F3EA1 /* Release */,
			);
			defaultConfigurationIsVisible = 0;
			defaultConfigurationName = Release;
		};
		964A2CCF2D79FC78004F3EA1 /* Build configuration list for PBXNativeTarget "PersonaTests" */ = {
			isa = XCConfigurationList;
			buildConfigurations = (
				964A2CD02D79FC78004F3EA1 /* Debug */,
				964A2CD12D79FC78004F3EA1 /* Release */,
			);
			defaultConfigurationIsVisible = 0;
			defaultConfigurationName = Release;
		};
		964A2CD22D79FC78004F3EA1 /* Build configuration list for PBXNativeTarget "PersonaUITests" */ = {
			isa = XCConfigurationList;
			buildConfigurations = (
				964A2CD32D79FC78004F3EA1 /* Debug */,
				964A2CD42D79FC78004F3EA1 /* Release */,
			);
			defaultConfigurationIsVisible = 0;
			defaultConfigurationName = Release;
		};
/* End XCConfigurationList section */
	};
	rootObject = 964A2CA02D79FC75004F3EA1 /* Project object */;
}
